<?xml version="1.0" encoding="utf-8"?>
<Project xmlns="http://schemas.microsoft.com/developer/msbuild/2003" ToolsVersion="4.0">
  <ItemGroup>
    <Filter Include="Client">
      <UniqueIdentifier>{a51cc0e8-cbcc-45b2-b80b-e5bc11fc7779}</UniqueIdentifier>
    </Filter>
    <Filter Include="Client\cgame">
      <UniqueIdentifier>{3ae6cc6a-72a9-43a2-9b4f-3f2f99c5aae4}</UniqueIdentifier>
    </Filter>
    <Filter Include="Client\fgame">
      <UniqueIdentifier>{f3ecb224-4140-49c3-9e1a-c0a9709c5591}</UniqueIdentifier>
    </Filter>
    <Filter Include="Server">
      <UniqueIdentifier>{975601ac-c379-46cc-8707-4c4d8f2a3970}</UniqueIdentifier>
    </Filter>
    <Filter Include="Server\Gamefix Files">
      <UniqueIdentifier>{d3bbd3c1-1b48-410b-8520-55eb819e9dd0}</UniqueIdentifier>
    </Filter>
    <Filter Include="Server\Header Files">
      <UniqueIdentifier>{450026a4-821b-4f0b-b86c-2b80ac9e81b8}</UniqueIdentifier>
      <Extensions>h;hpp;hxx;hm;inl</Extensions>
    </Filter>
    <Filter Include="Server\Header Files\BehaviorHeaders">
      <UniqueIdentifier>{6a6a458c-23ae-4599-8ca6-b25362f2dafb}</UniqueIdentifier>
      <Extensions>.hpp</Extensions>
    </Filter>
    <Filter Include="Server\Header Files\botlib header files">
      <UniqueIdentifier>{4bd10b28-04c4-4969-8195-2aa60abf965c}</UniqueIdentifier>
      <Extensions>.h</Extensions>
    </Filter>
    <Filter Include="Server\Header Files\Multiplayer Headers">
      <UniqueIdentifier>{699b8926-cbde-4f71-ad2c-683281763126}</UniqueIdentifier>
    </Filter>
    <Filter Include="Server\Resource Files">
      <UniqueIdentifier>{3ed57cc9-f828-4ec4-afd3-e268ec7ca41d}</UniqueIdentifier>
      <Extensions>ico;cur;bmp;dlg;rc2;rct;bin;rgs;gif;jpg;jpeg;jpe</Extensions>
    </Filter>
    <Filter Include="Server\Source Files">
      <UniqueIdentifier>{4b2113ae-e078-4345-acc5-98fcb49dce58}</UniqueIdentifier>
      <Extensions>cpp;c;cxx;rc;def;r;odl;idl;hpj;bat</Extensions>
    </Filter>
    <Filter Include="Server\Source Files\Behaviors">
      <UniqueIdentifier>{68999a6d-1a00-48b7-ad5a-d5958fce8314}</UniqueIdentifier>
      <Extensions>.cpp</Extensions>
    </Filter>
    <Filter Include="Server\Source Files\botlib source">
      <UniqueIdentifier>{5fa05c64-3ba5-4bc7-82f4-8457d52691fb}</UniqueIdentifier>
      <Extensions>.cpp</Extensions>
    </Filter>
    <Filter Include="Server\Source Files\Multiplayer">
      <UniqueIdentifier>{36d6c82b-e97d-4aaf-87b0-a2f19cffb597}</UniqueIdentifier>
    </Filter>
    <Filter Include="Shared">
      <UniqueIdentifier>{0928c9f0-8aab-4b89-8d2b-a038cdab562b}</UniqueIdentifier>
    </Filter>
    <Filter Include="Shared\QCommon">
      <UniqueIdentifier>{2222407e-1eb2-42a3-842b-b3677bc747e3}</UniqueIdentifier>
    </Filter>
    <Filter Include="Shared\utils">
      <UniqueIdentifier>{e7956262-790a-4ada-b58d-493e866947a9}</UniqueIdentifier>
    </Filter>
  </ItemGroup>
  <ItemGroup>
    <ClCompile Include="..\..\client\cgame\cg_beam.cpp">
      <Filter>Client\cgame</Filter>
    </ClCompile>
    <ClCompile Include="..\..\client\cgame\cg_commands.cpp">
      <Filter>Client\cgame</Filter>
    </ClCompile>
    <ClCompile Include="..\..\client\cgame\cg_consolecmds.c">
      <Filter>Client\cgame</Filter>
    </ClCompile>
    <ClCompile Include="..\..\client\cgame\cg_ctf_view.cpp">
      <Filter>Client\cgame</Filter>
    </ClCompile>
    <ClCompile Include="..\..\client\cgame\cg_drawtools.cpp">
      <Filter>Client\cgame</Filter>
    </ClCompile>
    <ClCompile Include="..\..\client\cgame\cg_ents.c">
      <Filter>Client\cgame</Filter>
    </ClCompile>
    <ClCompile Include="..\..\client\cgame\cg_lightstyles.cpp">
      <Filter>Client\cgame</Filter>
    </ClCompile>
    <ClCompile Include="..\..\client\cgame\cg_main.c">
      <Filter>Client\cgame</Filter>
    </ClCompile>
    <ClCompile Include="..\..\client\cgame\cg_marks.c">
      <Filter>Client\cgame</Filter>
    </ClCompile>
    <ClCompile Include="..\..\client\cgame\cg_modelanim.c">
      <Filter>Client\cgame</Filter>
    </ClCompile>
    <ClCompile Include="..\..\client\cgame\cg_player.cpp">
      <Filter>Client\cgame</Filter>
    </ClCompile>
    <ClCompile Include="..\..\client\cgame\cg_playerstate.c">
      <Filter>Client\cgame</Filter>
    </ClCompile>
    <ClCompile Include="..\..\client\cgame\cg_predict.c">
      <Filter>Client\cgame</Filter>
    </ClCompile>
    <ClCompile Include="..\..\client\cgame\cg_servercmds.c">
      <Filter>Client\cgame</Filter>
    </ClCompile>
    <ClCompile Include="..\..\client\cgame\cg_snapshot.c">
      <Filter>Client\cgame</Filter>
    </ClCompile>
    <ClCompile Include="..\..\client\cgame\cg_sound.cpp">
      <Filter>Client\cgame</Filter>
    </ClCompile>
    <ClCompile Include="..\..\client\cgame\cg_specialfx.cpp">
      <Filter>Client\cgame</Filter>
    </ClCompile>
    <ClCompile Include="..\..\client\cgame\cg_swipe.cpp">
      <Filter>Client\cgame</Filter>
    </ClCompile>
    <ClCompile Include="..\..\client\cgame\cg_testemitter.cpp">
      <Filter>Client\cgame</Filter>
    </ClCompile>
    <ClCompile Include="..\..\client\cgame\cg_ui.cpp">
      <Filter>Client\cgame</Filter>
    </ClCompile>
    <ClCompile Include="..\..\client\cgame\cg_view.c">
      <Filter>Client\cgame</Filter>
    </ClCompile>
    <ClCompile Include="..\..\client\cgame\class.cpp">
      <Filter>Client\cgame</Filter>
    </ClCompile>
    <ClCompile Include="..\..\client\cgame\ctf_2d.cpp">
      <Filter>Client\cgame</Filter>
    </ClCompile>
    <ClCompile Include="..\..\client\cgame\ctf_cg_drawtools.cpp">
      <Filter>Client\cgame</Filter>
    </ClCompile>
    <ClCompile Include="..\..\client\cgame\CTF_ItemPickup.cpp">
      <Filter>Client\cgame</Filter>
    </ClCompile>
    <ClCompile Include="..\..\client\cgame\ctf_msg.cpp">
      <Filter>Client\cgame</Filter>
    </ClCompile>
    <ClCompile Include="..\..\client\cgame\ctf_reward.cpp">
      <Filter>Client\cgame</Filter>
    </ClCompile>
    <ClCompile Include="..\..\client\cgame\ctf_tech.cpp">
      <Filter>Client\cgame</Filter>
    </ClCompile>
    <ClCompile Include="..\..\client\cgame\listener.cpp">
      <Filter>Client\cgame</Filter>
    </ClCompile>
    <ClCompile Include="..\..\client\cgame\script.cpp">
      <Filter>Client\cgame</Filter>
    </ClCompile>
    <ClCompile Include="..\..\client\fgame\actor.cpp">
      <Filter>Client\fgame</Filter>
    </ClCompile>
    <ClCompile Include="..\..\client\fgame\ammo.cpp">
      <Filter>Client\fgame</Filter>
    </ClCompile>
    <ClCompile Include="..\..\client\fgame\animate.cpp">
      <Filter>Client\fgame</Filter>
    </ClCompile>
    <ClCompile Include="..\..\client\fgame\archive.cpp">
      <Filter>Client\fgame</Filter>
    </ClCompile>
    <ClCompile Include="..\..\client\fgame\armor.cpp">
      <Filter>Client\fgame</Filter>
    </ClCompile>
    <ClCompile Include="..\..\client\fgame\beam.cpp">
      <Filter>Client\fgame</Filter>
    </ClCompile>
    <ClCompile Include="..\..\client\fgame\behavior.cpp">
      <Filter>Client\fgame</Filter>
    </ClCompile>
    <ClCompile Include="..\..\client\fgame\bg_misc.c">
      <Filter>Client\fgame</Filter>
    </ClCompile>
    <ClCompile Include="..\..\client\fgame\bg_pmove.c">
      <Filter>Client\fgame</Filter>
    </ClCompile>
    <ClCompile Include="..\..\client\fgame\bspline.cpp">
      <Filter>Client\fgame</Filter>
    </ClCompile>
    <ClCompile Include="..\..\client\fgame\camera.cpp">
      <Filter>Client\fgame</Filter>
    </ClCompile>
    <ClCompile Include="..\..\client\fgame\characterstate.cpp">
      <Filter>Client\fgame</Filter>
    </ClCompile>
    <ClCompile Include="..\..\client\fgame\class.cpp">
      <Filter>Client\fgame</Filter>
    </ClCompile>
    <ClCompile Include="..\..\client\fgame\clusterbomb.cpp">
      <Filter>Client\fgame</Filter>
    </ClCompile>
    <ClCompile Include="..\..\client\fgame\crossbow.cpp">
      <Filter>Client\fgame</Filter>
    </ClCompile>
    <ClCompile Include="..\..\client\fgame\CTF_DeadBody.cpp">
      <Filter>Client\fgame</Filter>
    </ClCompile>
    <ClCompile Include="..\..\client\fgame\ctf_flag.cpp">
      <Filter>Client\fgame</Filter>
    </ClCompile>
    <ClCompile Include="..\..\client\fgame\ctf_global.cpp">
      <Filter>Client\fgame</Filter>
    </ClCompile>
    <ClCompile Include="..\..\client\fgame\CTF_InventoryItem.cpp">
      <Filter>Client\fgame</Filter>
    </ClCompile>
    <ClCompile Include="..\..\client\fgame\ctf_itemspawner.cpp">
      <Filter>Client\fgame</Filter>
    </ClCompile>
    <ClCompile Include="..\..\client\fgame\ctf_manager.cpp">
      <Filter>Client\fgame</Filter>
    </ClCompile>
    <ClCompile Include="..\..\client\fgame\CTF_Obituary.cpp">
      <Filter>Client\fgame</Filter>
    </ClCompile>
    <ClCompile Include="..\..\client\fgame\ctf_player.cpp">
      <Filter>Client\fgame</Filter>
    </ClCompile>
    <ClCompile Include="..\..\client\fgame\CTF_PlayerStart.cpp">
      <Filter>Client\fgame</Filter>
    </ClCompile>
    <ClCompile Include="..\..\client\fgame\CTF_TargetGive.cpp">
      <Filter>Client\fgame</Filter>
    </ClCompile>
    <ClCompile Include="..\..\client\fgame\CTF_TargetLocation.cpp">
      <Filter>Client\fgame</Filter>
    </ClCompile>
    <ClCompile Include="..\..\client\fgame\CTF_Team.cpp">
      <Filter>Client\fgame</Filter>
    </ClCompile>
    <ClCompile Include="..\..\client\fgame\CTF_Tech.cpp">
      <Filter>Client\fgame</Filter>
    </ClCompile>
    <ClCompile Include="..\..\client\fgame\debuglines.cpp">
      <Filter>Client\fgame</Filter>
    </ClCompile>
    <ClCompile Include="..\..\client\fgame\decals.cpp">
      <Filter>Client\fgame</Filter>
    </ClCompile>
    <ClCompile Include="..\..\client\fgame\dm_manager.cpp">
      <Filter>Client\fgame</Filter>
    </ClCompile>
    <ClCompile Include="..\..\client\fgame\doors.cpp">
      <Filter>Client\fgame</Filter>
    </ClCompile>
    <ClCompile Include="..\..\client\fgame\earthquake.cpp">
      <Filter>Client\fgame</Filter>
    </ClCompile>
    <ClCompile Include="..\..\client\fgame\edenwater.cpp">
      <Filter>Client\fgame</Filter>
    </ClCompile>
    <ClCompile Include="..\..\client\fgame\entity.cpp">
      <Filter>Client\fgame</Filter>
    </ClCompile>
    <ClCompile Include="..\..\client\fgame\explosion.cpp">
      <Filter>Client\fgame</Filter>
    </ClCompile>
    <ClCompile Include="..\..\client\fgame\flamethrower.cpp">
      <Filter>Client\fgame</Filter>
    </ClCompile>
    <ClCompile Include="..\..\client\fgame\flashbang.cpp">
      <Filter>Client\fgame</Filter>
    </ClCompile>
    <ClCompile Include="..\..\client\fgame\g_main.cpp">
      <Filter>Client\fgame</Filter>
    </ClCompile>
    <ClCompile Include="..\..\client\fgame\g_phys.cpp">
      <Filter>Client\fgame</Filter>
    </ClCompile>
    <ClCompile Include="..\..\client\fgame\g_spawn.cpp">
      <Filter>Client\fgame</Filter>
    </ClCompile>
    <ClCompile Include="..\..\client\fgame\g_utils.cpp">
      <Filter>Client\fgame</Filter>
    </ClCompile>
    <ClCompile Include="..\..\client\fgame\game.cpp">
      <Filter>Client\fgame</Filter>
    </ClCompile>
    <ClCompile Include="..\..\client\fgame\gamecmds.cpp">
      <Filter>Client\fgame</Filter>
    </ClCompile>
    <ClCompile Include="..\..\client\fgame\gamecvars.cpp">
      <Filter>Client\fgame</Filter>
    </ClCompile>
    <ClCompile Include="..\..\client\fgame\gamescript.cpp">
      <Filter>Client\fgame</Filter>
    </ClCompile>
    <ClCompile Include="..\..\client\fgame\gibs.cpp">
      <Filter>Client\fgame</Filter>
    </ClCompile>
    <ClCompile Include="..\..\client\fgame\goo.cpp">
      <Filter>Client\fgame</Filter>
    </ClCompile>
    <ClCompile Include="..\..\client\fgame\gravpath.cpp">
      <Filter>Client\fgame</Filter>
    </ClCompile>
    <ClCompile Include="..\..\client\fgame\health.cpp">
      <Filter>Client\fgame</Filter>
    </ClCompile>
    <ClCompile Include="..\..\client\fgame\hornofconjuring.cpp">
      <Filter>Client\fgame</Filter>
    </ClCompile>
    <ClCompile Include="..\..\client\fgame\inventoryitem.cpp">
      <Filter>Client\fgame</Filter>
    </ClCompile>
    <ClCompile Include="..\..\client\fgame\ipfilter.cpp">
      <Filter>Client\fgame</Filter>
    </ClCompile>
    <ClCompile Include="..\..\client\fgame\item.cpp">
      <Filter>Client\fgame</Filter>
    </ClCompile>
    <ClCompile Include="..\..\client\fgame\ItemSpawner.cpp">
      <Filter>Client\fgame</Filter>
    </ClCompile>
    <ClCompile Include="..\..\client\fgame\level.cpp">
      <Filter>Client\fgame</Filter>
    </ClCompile>
    <ClCompile Include="..\..\client\fgame\light.cpp">
      <Filter>Client\fgame</Filter>
    </ClCompile>
    <ClCompile Include="..\..\client\fgame\listener.cpp">
      <Filter>Client\fgame</Filter>
    </ClCompile>
    <ClCompile Include="..\..\client\fgame\misc.cpp">
      <Filter>Client\fgame</Filter>
    </ClCompile>
    <ClCompile Include="..\..\client\fgame\mover.cpp">
      <Filter>Client\fgame</Filter>
    </ClCompile>
    <ClCompile Include="..\..\client\fgame\nature.cpp">
      <Filter>Client\fgame</Filter>
    </ClCompile>
    <ClCompile Include="..\..\client\fgame\navigate.cpp">
      <Filter>Client\fgame</Filter>
    </ClCompile>
    <ClCompile Include="..\..\client\fgame\object.cpp">
      <Filter>Client\fgame</Filter>
    </ClCompile>
    <ClCompile Include="..\..\client\fgame\OtherVoteCommands.cpp">
      <Filter>Client\fgame</Filter>
    </ClCompile>
    <ClCompile Include="..\..\client\fgame\path.cpp">
      <Filter>Client\fgame</Filter>
    </ClCompile>
    <ClCompile Include="..\..\client\fgame\player.cpp">
      <Filter>Client\fgame</Filter>
    </ClCompile>
    <ClCompile Include="..\..\client\fgame\player_combat.cpp">
      <Filter>Client\fgame</Filter>
    </ClCompile>
    <ClCompile Include="..\..\client\fgame\player_util.cpp">
      <Filter>Client\fgame</Filter>
    </ClCompile>
    <ClCompile Include="..\..\client\fgame\PlayerStart.cpp">
      <Filter>Client\fgame</Filter>
    </ClCompile>
    <ClCompile Include="..\..\client\fgame\portal.cpp">
      <Filter>Client\fgame</Filter>
    </ClCompile>
    <ClCompile Include="..\..\client\fgame\powerups.cpp">
      <Filter>Client\fgame</Filter>
    </ClCompile>
    <ClCompile Include="..\..\client\fgame\q_math.c">
      <Filter>Client\fgame</Filter>
    </ClCompile>
    <ClCompile Include="..\..\client\fgame\q_mathsys.c">
      <Filter>Client\fgame</Filter>
    </ClCompile>
    <ClCompile Include="..\..\client\fgame\q_shared.c">
      <Filter>Client\fgame</Filter>
    </ClCompile>
    <ClCompile Include="..\..\client\fgame\rope.cpp">
      <Filter>Client\fgame</Filter>
    </ClCompile>
    <ClCompile Include="..\..\client\fgame\script.cpp">
      <Filter>Client\fgame</Filter>
    </ClCompile>
    <ClCompile Include="..\..\client\fgame\scriptmaster.cpp">
      <Filter>Client\fgame</Filter>
    </ClCompile>
    <ClCompile Include="..\..\client\fgame\scriptslave.cpp">
      <Filter>Client\fgame</Filter>
    </ClCompile>
    <ClCompile Include="..\..\client\fgame\scriptvariable.cpp">
      <Filter>Client\fgame</Filter>
    </ClCompile>
    <ClCompile Include="..\..\client\fgame\sentient.cpp">
      <Filter>Client\fgame</Filter>
    </ClCompile>
    <ClCompile Include="..\..\client\fgame\shield.cpp">
      <Filter>Client\fgame</Filter>
    </ClCompile>
    <ClCompile Include="..\..\client\fgame\soulsucker.cpp">
      <Filter>Client\fgame</Filter>
    </ClCompile>
    <ClCompile Include="..\..\client\fgame\soundman.cpp">
      <Filter>Client\fgame</Filter>
    </ClCompile>
    <ClCompile Include="..\..\client\fgame\spawners.cpp">
      <Filter>Client\fgame</Filter>
    </ClCompile>
    <ClCompile Include="..\..\client\fgame\specialfx.cpp">
      <Filter>Client\fgame</Filter>
    </ClCompile>
    <ClCompile Include="..\..\client\fgame\Spit.cpp">
      <Filter>Client\fgame</Filter>
    </ClCompile>
    <ClCompile Include="..\..\client\fgame\steering.cpp">
      <Filter>Client\fgame</Filter>
    </ClCompile>
    <ClCompile Include="..\..\client\fgame\sword.cpp">
      <Filter>Client\fgame</Filter>
    </ClCompile>
    <ClCompile Include="..\..\client\fgame\trigger.cpp">
      <Filter>Client\fgame</Filter>
    </ClCompile>
    <ClCompile Include="..\..\client\fgame\vehicle.cpp">
      <Filter>Client\fgame</Filter>
    </ClCompile>
    <ClCompile Include="..\..\client\fgame\viewthing.cpp">
      <Filter>Client\fgame</Filter>
    </ClCompile>
    <ClCompile Include="..\..\client\fgame\Vote.cpp">
      <Filter>Client\fgame</Filter>
    </ClCompile>
    <ClCompile Include="..\..\client\fgame\VoteCommand.cpp">
      <Filter>Client\fgame</Filter>
    </ClCompile>
    <ClCompile Include="..\..\client\fgame\VoteCommandFactory.cpp">
      <Filter>Client\fgame</Filter>
    </ClCompile>
    <ClCompile Include="..\..\client\fgame\weapon.cpp">
      <Filter>Client\fgame</Filter>
    </ClCompile>
    <ClCompile Include="..\..\client\fgame\weaputils.cpp">
      <Filter>Client\fgame</Filter>
    </ClCompile>
    <ClCompile Include="..\..\client\fgame\worldspawn.cpp">
      <Filter>Client\fgame</Filter>
    </ClCompile>
    <ClCompile Include="..\..\dlls\game\_pch_cpp.cpp">
      <Filter>Server\Source Files</Filter>
    </ClCompile>
    <ClCompile Include="..\..\dlls\game\actor.cpp">
      <Filter>Server\Source Files</Filter>
    </ClCompile>
    <ClCompile Include="..\..\dlls\game\actor_combatsubsystem.cpp">
      <Filter>Server\Source Files</Filter>
    </ClCompile>
    <ClCompile Include="..\..\dlls\game\actor_enemymanager.cpp">
      <Filter>Server\Source Files</Filter>
    </ClCompile>
    <ClCompile Include="..\..\dlls\game\actor_headwatcher.cpp">
      <Filter>Server\Source Files</Filter>
    </ClCompile>
    <ClCompile Include="..\..\dlls\game\actor_locomotion.cpp">
      <Filter>Server\Source Files</Filter>
    </ClCompile>
    <ClCompile Include="..\..\dlls\game\actor_posturecontroller.cpp">
      <Filter>Server\Source Files</Filter>
    </ClCompile>
    <ClCompile Include="..\..\dlls\game\actor_sensoryperception.cpp">
      <Filter>Server\Source Files</Filter>
    </ClCompile>
    <ClCompile Include="..\..\dlls\game\actorgamecomponents.cpp">
      <Filter>Server\Source Files</Filter>
    </ClCompile>
    <ClCompile Include="..\..\dlls\game\actorstrategies.cpp">
      <Filter>Server\Source Files</Filter>
    </ClCompile>
    <ClCompile Include="..\..\dlls\game\actorutil.cpp">
      <Filter>Server\Source Files</Filter>
    </ClCompile>
    <ClCompile Include="..\..\dlls\game\ai_chat.cpp">
      <Filter>Server\Source Files\botlib source</Filter>
    </ClCompile>
    <ClCompile Include="..\..\dlls\game\ai_cmd.cpp">
      <Filter>Server\Source Files\botlib source</Filter>
    </ClCompile>
    <ClCompile Include="..\..\dlls\game\ai_dmnet.cpp">
      <Filter>Server\Source Files\botlib source</Filter>
    </ClCompile>
    <ClCompile Include="..\..\dlls\game\ai_dmq3.cpp">
      <Filter>Server\Source Files\botlib source</Filter>
    </ClCompile>
    <ClCompile Include="..\..\dlls\game\ai_main.cpp">
      <Filter>Server\Source Files\botlib source</Filter>
    </ClCompile>
    <ClCompile Include="..\..\dlls\game\ai_team.cpp">
      <Filter>Server\Source Files\botlib source</Filter>
    </ClCompile>
    <ClCompile Include="..\..\dlls\game\ai_vcmd.cpp">
      <Filter>Server\Source Files\botlib source</Filter>
    </ClCompile>
    <ClCompile Include="..\..\dlls\game\ammo.cpp">
      <Filter>Server\Source Files</Filter>
    </ClCompile>
    <ClCompile Include="..\..\dlls\game\animate.cpp">
      <Filter>Server\Source Files</Filter>
    </ClCompile>
    <ClCompile Include="..\..\dlls\game\api_stef2.cpp">
      <Filter>Server\Gamefix Files</Filter>
    </ClCompile>
    <ClCompile Include="..\..\dlls\game\archive.cpp">
      <Filter>Server\Source Files</Filter>
    </ClCompile>
    <ClCompile Include="..\..\dlls\game\armor.cpp">
      <Filter>Server\Source Files</Filter>
    </ClCompile>
    <ClCompile Include="..\..\dlls\game\beam.cpp">
      <Filter>Server\Source Files</Filter>
    </ClCompile>
    <ClCompile Include="..\..\dlls\game\behavior.cpp">
      <Filter>Server\Source Files</Filter>
    </ClCompile>
    <ClCompile Include="..\..\dlls\game\behaviors_general.cpp">
      <Filter>Server\Source Files</Filter>
    </ClCompile>
    <ClCompile Include="..\..\dlls\game\behaviors_specific.cpp">
      <Filter>Server\Source Files</Filter>
    </ClCompile>
    <ClCompile Include="..\..\dlls\game\bg_misc.c">
      <Filter>Server\Source Files</Filter>
    </ClCompile>
    <ClCompile Include="..\..\dlls\game\bg_pmove.c">
      <Filter>Server\Source Files</Filter>
    </ClCompile>
    <ClCompile Include="..\..\dlls\game\body.cpp">
      <Filter>Server\Source Files</Filter>
    </ClCompile>
    <ClCompile Include="..\..\dlls\game\bspline.cpp">
      <Filter>Server\Source Files</Filter>
    </ClCompile>
    <ClCompile Include="..\..\dlls\game\camera.cpp">
      <Filter>Server\Source Files</Filter>
    </ClCompile>
    <ClCompile Include="..\..\dlls\game\CameraPath.cpp">
      <Filter>Server\Source Files</Filter>
    </ClCompile>
    <ClCompile Include="..\..\dlls\game\changePosture.cpp">
      <Filter>Server\Source Files\Behaviors</Filter>
    </ClCompile>
    <ClCompile Include="..\..\dlls\game\characterstate.cpp">
      <Filter>Server\Source Files</Filter>
    </ClCompile>
    <ClCompile Include="..\..\dlls\game\CinematicArmature.cpp">
      <Filter>Server\Source Files</Filter>
    </ClCompile>
    <ClCompile Include="..\..\dlls\game\class.cpp">
      <Filter>Server\Source Files</Filter>
    </ClCompile>
    <ClCompile Include="..\..\dlls\game\closeInOnEnemy.cpp">
      <Filter>Server\Source Files\Behaviors</Filter>
    </ClCompile>
    <ClCompile Include="..\..\dlls\game\closeInOnEnemyWhileFiringWeapon.cpp">
      <Filter>Server\Source Files\Behaviors</Filter>
    </ClCompile>
    <ClCompile Include="..\..\dlls\game\closeInOnPlayer.cpp">
      <Filter>Server\Source Files\Behaviors</Filter>
    </ClCompile>
    <ClCompile Include="..\..\dlls\game\compiler.cpp">
      <Filter>Server\Source Files</Filter>
    </ClCompile>
    <ClCompile Include="..\..\dlls\game\corridorCombatWithRangedWeapon.cpp">
      <Filter>Server\Source Files\Behaviors</Filter>
    </ClCompile>
    <ClCompile Include="..\..\dlls\game\coverCombatWithRangedWeapon.cpp">
      <Filter>Server\Source Files\Behaviors</Filter>
    </ClCompile>
    <ClCompile Include="..\..\dlls\game\DamageModification.cpp">
      <Filter>Server\Source Files</Filter>
    </ClCompile>
    <ClCompile Include="..\..\dlls\game\debuglines.cpp">
      <Filter>Server\Source Files</Filter>
    </ClCompile>
    <ClCompile Include="..\..\dlls\game\decals.cpp">
      <Filter>Server\Source Files</Filter>
    </ClCompile>
    <ClCompile Include="..\..\dlls\game\dispenser.cpp">
      <Filter>Server\Source Files</Filter>
    </ClCompile>
    <ClCompile Include="..\..\dlls\game\doAttack.cpp">
      <Filter>Server\Source Files\Behaviors</Filter>
    </ClCompile>
    <ClCompile Include="..\..\dlls\game\doors.cpp">
      <Filter>Server\Source Files</Filter>
    </ClCompile>
    <ClCompile Include="..\..\dlls\game\earthquake.cpp">
      <Filter>Server\Source Files</Filter>
    </ClCompile>
    <ClCompile Include="..\..\dlls\game\entity.cpp">
      <Filter>Server\Source Files</Filter>
    </ClCompile>
    <ClCompile Include="..\..\dlls\game\equipment.cpp">
      <Filter>Server\Source Files</Filter>
    </ClCompile>
    <ClCompile Include="..\..\dlls\game\explosion.cpp">
      <Filter>Server\Source Files</Filter>
    </ClCompile>
    <ClCompile Include="..\..\dlls\game\FollowPath.cpp">
      <Filter>Server\Source Files</Filter>
    </ClCompile>
    <ClCompile Include="..\..\dlls\game\FollowPathToEntity.cpp">
      <Filter>Server\Source Files</Filter>
    </ClCompile>
    <ClCompile Include="..\..\dlls\game\FollowPathToPoint.cpp">
      <Filter>Server\Source Files</Filter>
    </ClCompile>
    <ClCompile Include="..\..\dlls\game\g_bot.cpp">
      <Filter>Server\Source Files\botlib source</Filter>
    </ClCompile>
    <ClCompile Include="..\..\dlls\game\g_main.cpp">
      <Filter>Server\Source Files</Filter>
    </ClCompile>
    <ClCompile Include="..\..\dlls\game\g_phys.cpp">
      <Filter>Server\Source Files</Filter>
    </ClCompile>
    <ClCompile Include="..\..\dlls\game\g_spawn.cpp">
      <Filter>Server\Source Files</Filter>
    </ClCompile>
    <ClCompile Include="..\..\dlls\game\g_utils.cpp">
      <Filter>Server\Source Files</Filter>
    </ClCompile>
    <ClCompile Include="..\..\dlls\game\game.cpp">
      <Filter>Server\Source Files</Filter>
    </ClCompile>
    <ClCompile Include="..\..\dlls\game\gamecmds.cpp">
      <Filter>Server\Source Files</Filter>
    </ClCompile>
    <ClCompile Include="..\..\dlls\game\gamecvars.cpp">
      <Filter>Server\Source Files</Filter>
    </ClCompile>
    <ClCompile Include="..\..\dlls\game\gamefix.cpp">
      <Filter>Server\Gamefix Files</Filter>
    </ClCompile>
    <ClCompile Include="..\..\dlls\game\gamescript.cpp">
      <Filter>Server\Source Files</Filter>
    </ClCompile>
    <ClCompile Include="..\..\dlls\game\generalCombatWithMeleeWeapon.cpp">
      <Filter>Server\Source Files\Behaviors</Filter>
    </ClCompile>
    <ClCompile Include="..\..\dlls\game\generalCombatWithRangedWeapon.cpp">
      <Filter>Server\Source Files\Behaviors</Filter>
    </ClCompile>
    <ClCompile Include="..\..\dlls\game\gibs.cpp">
      <Filter>Server\Source Files</Filter>
    </ClCompile>
    <ClCompile Include="..\..\dlls\game\globalcmd.cpp">
      <Filter>Server\Source Files</Filter>
    </ClCompile>
    <ClCompile Include="..\..\dlls\game\GoDirectlyToPoint.cpp">
      <Filter>Server\Source Files</Filter>
    </ClCompile>
    <ClCompile Include="..\..\dlls\game\goo.cpp">
      <Filter>Server\Source Files</Filter>
    </ClCompile>
    <ClCompile Include="..\..\dlls\game\gotoCurrentHelperNode.cpp">
      <Filter>Server\Source Files\Behaviors</Filter>
    </ClCompile>
    <ClCompile Include="..\..\dlls\game\gotoHelperNode.cpp">
      <Filter>Server\Source Files\Behaviors</Filter>
    </ClCompile>
    <ClCompile Include="..\..\dlls\game\gotoHelperNodeEX.cpp">
      <Filter>Server\Source Files\Behaviors</Filter>
    </ClCompile>
    <ClCompile Include="..\..\dlls\game\gotoHelperNodeNearestEnemy.cpp">
      <Filter>Server\Source Files\Behaviors</Filter>
    </ClCompile>
    <ClCompile Include="..\..\dlls\game\gravpath.cpp">
      <Filter>Server\Source Files</Filter>
    </ClCompile>
    <ClCompile Include="..\..\dlls\game\groupcoordinator.cpp">
      <Filter>Server\Source Files</Filter>
    </ClCompile>
    <ClCompile Include="..\..\dlls\game\healGroupMember.cpp">
      <Filter>Server\Source Files\Behaviors</Filter>
    </ClCompile>
    <ClCompile Include="..\..\dlls\game\health.cpp">
      <Filter>Server\Source Files</Filter>
    </ClCompile>
    <ClCompile Include="..\..\dlls\game\helper_node.cpp">
      <Filter>Server\Source Files</Filter>
    </ClCompile>
    <ClCompile Include="..\..\dlls\game\holdPosition.cpp">
      <Filter>Server\Source Files\Behaviors</Filter>
    </ClCompile>
    <ClCompile Include="..\..\dlls\game\interpreter.cpp">
      <Filter>Server\Source Files</Filter>
    </ClCompile>
    <ClCompile Include="..\..\dlls\game\inventoryitem.cpp">
      <Filter>Server\Source Files</Filter>
    </ClCompile>
    <ClCompile Include="..\..\dlls\game\ipfilter.cpp">
      <Filter>Server\Source Files</Filter>
    </ClCompile>
    <ClCompile Include="..\..\dlls\game\item.cpp">
      <Filter>Server\Source Files</Filter>
    </ClCompile>
    <ClCompile Include="..\..\dlls\game\level.cpp">
      <Filter>Server\Source Files</Filter>
    </ClCompile>
    <ClCompile Include="..\..\dlls\game\lexer.cpp">
      <Filter>Server\Source Files</Filter>
    </ClCompile>
    <ClCompile Include="..\..\dlls\game\light.cpp">
      <Filter>Server\Source Files</Filter>
    </ClCompile>
    <ClCompile Include="..\..\dlls\game\listener.cpp">
      <Filter>Server\Source Files</Filter>
    </ClCompile>
    <ClCompile Include="..\..\dlls\game\misc.cpp">
      <Filter>Server\Source Files</Filter>
    </ClCompile>
    <ClCompile Include="..\..\dlls\game\mover.cpp">
      <Filter>Server\Source Files</Filter>
    </ClCompile>
    <ClCompile Include="..\..\dlls\game\MoveRandomDirection.cpp">
      <Filter>Server\Source Files\Behaviors</Filter>
    </ClCompile>
    <ClCompile Include="..\..\dlls\game\mp_awardsystem.cpp">
      <Filter>Server\Source Files\Multiplayer</Filter>
    </ClCompile>
    <ClCompile Include="..\..\dlls\game\mp_manager.cpp">
      <Filter>Server\Source Files\Multiplayer</Filter>
    </ClCompile>
    <ClCompile Include="..\..\dlls\game\mp_modeBase.cpp">
      <Filter>Server\Source Files\Multiplayer</Filter>
    </ClCompile>
    <ClCompile Include="..\..\dlls\game\mp_modeCtf.cpp">
      <Filter>Server\Source Files\Multiplayer</Filter>
    </ClCompile>
    <ClCompile Include="..\..\dlls\game\mp_modeDm.cpp">
      <Filter>Server\Source Files\Multiplayer</Filter>
    </ClCompile>
    <ClCompile Include="..\..\dlls\game\mp_modeTeamBase.cpp">
      <Filter>Server\Source Files\Multiplayer</Filter>
    </ClCompile>
    <ClCompile Include="..\..\dlls\game\mp_modeTeamDm.cpp">
      <Filter>Server\Source Files\Multiplayer</Filter>
    </ClCompile>
    <ClCompile Include="..\..\dlls\game\mp_modifiers.cpp">
      <Filter>Server\Source Files\Multiplayer</Filter>
    </ClCompile>
    <ClCompile Include="..\..\dlls\game\mp_team.cpp">
      <Filter>Server\Source Files\Multiplayer</Filter>
    </ClCompile>
    <ClCompile Include="..\..\dlls\game\nature.cpp">
      <Filter>Server\Source Files</Filter>
    </ClCompile>
    <ClCompile Include="..\..\dlls\game\navigate.cpp">
      <Filter>Server\Source Files</Filter>
    </ClCompile>
    <ClCompile Include="..\..\dlls\game\object.cpp">
      <Filter>Server\Source Files</Filter>
    </ClCompile>
    <ClCompile Include="..\..\dlls\game\path.cpp">
      <Filter>Server\Source Files</Filter>
    </ClCompile>
    <ClCompile Include="..\..\dlls\game\patrol.cpp">
      <Filter>Server\Source Files\Behaviors</Filter>
    </ClCompile>
    <ClCompile Include="..\..\dlls\game\PlayAnim.cpp">
      <Filter>Server\Source Files\Behaviors</Filter>
    </ClCompile>
    <ClCompile Include="..\..\dlls\game\player.cpp">
      <Filter>Server\Source Files</Filter>
    </ClCompile>
    <ClCompile Include="..\..\dlls\game\player_combat.cpp">
      <Filter>Server\Source Files</Filter>
    </ClCompile>
    <ClCompile Include="..\..\dlls\game\player_util.cpp">
      <Filter>Server\Source Files</Filter>
    </ClCompile>
    <ClCompile Include="..\..\dlls\game\playerheuristics.cpp">
      <Filter>Server\Source Files</Filter>
    </ClCompile>
    <ClCompile Include="..\..\dlls\game\PlayerStart.cpp">
      <Filter>Server\Source Files</Filter>
    </ClCompile>
    <ClCompile Include="..\..\dlls\game\portal.cpp">
      <Filter>Server\Source Files</Filter>
    </ClCompile>
    <ClCompile Include="..\..\dlls\game\powerups.cpp">
      <Filter>Server\Source Files</Filter>
    </ClCompile>
    <ClCompile Include="..\..\dlls\game\program.cpp">
      <Filter>Server\Source Files</Filter>
    </ClCompile>
    <ClCompile Include="..\..\dlls\game\puzzleobject.cpp">
      <Filter>Server\Source Files</Filter>
    </ClCompile>
    <ClCompile Include="..\..\dlls\game\RageAI.cpp">
      <Filter>Server\Source Files</Filter>
    </ClCompile>
    <ClCompile Include="..\..\dlls\game\rangedCombatWithWeapon.cpp">
      <Filter>Server\Source Files\Behaviors</Filter>
    </ClCompile>
    <ClCompile Include="..\..\dlls\game\rotateToEntity.cpp">
      <Filter>Server\Source Files\Behaviors</Filter>
    </ClCompile>
    <ClCompile Include="..\..\dlls\game\script.cpp">
      <Filter>Server\Source Files</Filter>
    </ClCompile>
    <ClCompile Include="..\..\dlls\game\scriptmaster.cpp">
      <Filter>Server\Source Files</Filter>
    </ClCompile>
    <ClCompile Include="..\..\dlls\game\scriptslave.cpp">
      <Filter>Server\Source Files</Filter>
    </ClCompile>
    <ClCompile Include="..\..\dlls\game\scriptvariable.cpp">
      <Filter>Server\Source Files</Filter>
    </ClCompile>
    <ClCompile Include="..\..\dlls\game\selectBestWeapon.cpp">
      <Filter>Server\Source Files\Behaviors</Filter>
    </ClCompile>
    <ClCompile Include="..\..\dlls\game\sentient.cpp">
      <Filter>Server\Source Files</Filter>
    </ClCompile>
    <ClCompile Include="..\..\dlls\game\shrapnelbomb.cpp">
      <Filter>Server\Source Files</Filter>
    </ClCompile>
    <ClCompile Include="..\..\dlls\game\snipeEnemy.cpp">
      <Filter>Server\Source Files\Behaviors</Filter>
    </ClCompile>
    <ClCompile Include="..\..\dlls\game\soundman.cpp">
      <Filter>Server\Source Files</Filter>
    </ClCompile>
    <ClCompile Include="..\..\dlls\game\spawners.cpp">
      <Filter>Server\Source Files</Filter>
    </ClCompile>
    <ClCompile Include="..\..\dlls\game\specialfx.cpp">
      <Filter>Server\Source Files</Filter>
    </ClCompile>
    <ClCompile Include="..\..\dlls\game\stationaryFireCombat.cpp">
      <Filter>Server\Source Files\Behaviors</Filter>
    </ClCompile>
    <ClCompile Include="..\..\dlls\game\stationaryFireCombatEX.cpp">
      <Filter>Server\Source Files\Behaviors</Filter>
    </ClCompile>
    <ClCompile Include="..\..\dlls\game\stationaryvehicle.cpp">
      <Filter>Server\Source Files</Filter>
    </ClCompile>
    <ClCompile Include="..\..\dlls\game\steering.cpp">
      <Filter>Server\Source Files</Filter>
    </ClCompile>
    <ClCompile Include="..\..\dlls\game\suppressionFireCombat.cpp">
      <Filter>Server\Source Files\Behaviors</Filter>
    </ClCompile>
    <ClCompile Include="..\..\dlls\game\talk.cpp">
      <Filter>Server\Source Files\Behaviors</Filter>
    </ClCompile>
    <ClCompile Include="..\..\dlls\game\teammateroster.cpp">
      <Filter>Server\Source Files</Filter>
    </ClCompile>
    <ClCompile Include="..\..\dlls\game\teleportToEntity.cpp">
      <Filter>Server\Source Files\Behaviors</Filter>
    </ClCompile>
    <ClCompile Include="..\..\dlls\game\teleportToPosition.cpp">
      <Filter>Server\Source Files\Behaviors</Filter>
    </ClCompile>
    <ClCompile Include="..\..\dlls\game\torsoAimAndFireWeapon.cpp">
      <Filter>Server\Source Files\Behaviors</Filter>
    </ClCompile>
    <ClCompile Include="..\..\dlls\game\trigger.cpp">
      <Filter>Server\Source Files</Filter>
    </ClCompile>
    <ClCompile Include="..\..\dlls\game\useAlarm.cpp">
      <Filter>Server\Source Files\Behaviors</Filter>
    </ClCompile>
    <ClCompile Include="..\..\dlls\game\UseData.cpp">
      <Filter>Server\Source Files</Filter>
    </ClCompile>
    <ClCompile Include="..\..\dlls\game\vehicle.cpp">
      <Filter>Server\Source Files</Filter>
    </ClCompile>
    <ClCompile Include="..\..\dlls\game\viewthing.cpp">
      <Filter>Server\Source Files</Filter>
    </ClCompile>
    <ClCompile Include="..\..\dlls\game\watchEntity.cpp">
      <Filter>Server\Source Files\Behaviors</Filter>
    </ClCompile>
    <ClCompile Include="..\..\dlls\game\watchEntityEX.cpp">
      <Filter>Server\Source Files\Behaviors</Filter>
    </ClCompile>
    <ClCompile Include="..\..\dlls\game\waypoints.cpp">
      <Filter>Server\Source Files</Filter>
    </ClCompile>
    <ClCompile Include="..\..\dlls\game\weapon.cpp">
      <Filter>Server\Source Files</Filter>
    </ClCompile>
    <ClCompile Include="..\..\dlls\game\WeaponDualWield.cpp">
      <Filter>Server\Source Files</Filter>
    </ClCompile>
    <ClCompile Include="..\..\dlls\game\weaputils.cpp">
      <Filter>Server\Source Files</Filter>
    </ClCompile>
    <ClCompile Include="..\..\dlls\game\work.cpp">
      <Filter>Server\Source Files\Behaviors</Filter>
    </ClCompile>
    <ClCompile Include="..\..\dlls\game\worldspawn.cpp">
      <Filter>Server\Source Files</Filter>
    </ClCompile>
    <ClCompile Include="..\..\Executable\win32\win_bounds.cpp">
      <Filter>Server\Source Files</Filter>
    </ClCompile>
    <ClCompile Include="..\..\Shared\qcommon\gameplaydatabase.cpp">
      <Filter>Shared\QCommon</Filter>
    </ClCompile>
    <ClCompile Include="..\..\Shared\qcommon\gameplayformulamanager.cpp">
      <Filter>Server\Source Files</Filter>
    </ClCompile>
    <ClCompile Include="..\..\Shared\qcommon\gameplaymanager.cpp">
      <Filter>Server\Source Files</Filter>
    </ClCompile>
    <ClCompile Include="..\..\Shared\qcommon\output.cpp">
      <Filter>Shared\QCommon</Filter>
    </ClCompile>
    <ClCompile Include="..\..\Shared\qcommon\q_math.c">
      <Filter>Shared\QCommon</Filter>
    </ClCompile>
    <ClCompile Include="..\..\Shared\qcommon\q_mathsys.c">
      <Filter>Shared\QCommon</Filter>
    </ClCompile>
    <ClCompile Include="..\..\Shared\qcommon\q_shared.c">
      <Filter>Shared\QCommon</Filter>
    </ClCompile>
    <ClCompile Include="..\..\Shared\utils\str.cpp">
      <Filter>Shared\utils</Filter>
    </ClCompile>
  </ItemGroup>
  <ItemGroup>
    <ClInclude Include="..\..\client\cgame\cg_commands.h">
      <Filter>Client\cgame</Filter>
    </ClInclude>
    <ClInclude Include="..\..\client\cgame\cg_ctf_view.h">
      <Filter>Client\cgame</Filter>
    </ClInclude>
    <ClInclude Include="..\..\client\cgame\cg_local.h">
      <Filter>Client\cgame</Filter>
    </ClInclude>
    <ClInclude Include="..\..\client\cgame\cg_public.h">
      <Filter>Client\cgame</Filter>
    </ClInclude>
    <ClInclude Include="..\..\client\cgame\class.h">
      <Filter>Client\cgame</Filter>
    </ClInclude>
    <ClInclude Include="..\..\client\cgame\container.h">
      <Filter>Client\cgame</Filter>
    </ClInclude>
    <ClInclude Include="..\..\client\cgame\ctf_2d.h">
      <Filter>Client\cgame</Filter>
    </ClInclude>
    <ClInclude Include="..\..\client\cgame\ctf_cg_drawtools.h">
      <Filter>Client\cgame</Filter>
    </ClInclude>
    <ClInclude Include="..\..\client\cgame\CTF_ItemPickup.h">
      <Filter>Client\cgame</Filter>
    </ClInclude>
    <ClInclude Include="..\..\client\cgame\ctf_msg.h">
      <Filter>Client\cgame</Filter>
    </ClInclude>
    <ClInclude Include="..\..\client\cgame\ctf_reward.h">
      <Filter>Client\cgame</Filter>
    </ClInclude>
    <ClInclude Include="..\..\client\cgame\ctf_tech.h">
      <Filter>Client\cgame</Filter>
    </ClInclude>
    <ClInclude Include="..\..\client\cgame\Linklist.h">
      <Filter>Client\cgame</Filter>
    </ClInclude>
    <ClInclude Include="..\..\client\cgame\listener.h">
      <Filter>Client\cgame</Filter>
    </ClInclude>
    <ClInclude Include="..\..\client\cgame\script.h">
      <Filter>Client\cgame</Filter>
    </ClInclude>
    <ClInclude Include="..\..\client\cgame\tr_types.h">
      <Filter>Client\cgame</Filter>
    </ClInclude>
    <ClInclude Include="..\..\client\cgame\vector.h">
      <Filter>Client\cgame</Filter>
    </ClInclude>
    <ClInclude Include="..\..\client\fgame\actor.h">
      <Filter>Client\fgame</Filter>
    </ClInclude>
    <ClInclude Include="..\..\client\fgame\ammo.h">
      <Filter>Client\fgame</Filter>
    </ClInclude>
    <ClInclude Include="..\..\client\fgame\animate.h">
      <Filter>Client\fgame</Filter>
    </ClInclude>
    <ClInclude Include="..\..\client\fgame\archive.h">
      <Filter>Client\fgame</Filter>
    </ClInclude>
    <ClInclude Include="..\..\client\fgame\armor.h">
      <Filter>Client\fgame</Filter>
    </ClInclude>
    <ClInclude Include="..\..\client\fgame\beam.h">
      <Filter>Client\fgame</Filter>
    </ClInclude>
    <ClInclude Include="..\..\client\fgame\behavior.h">
      <Filter>Client\fgame</Filter>
    </ClInclude>
    <ClInclude Include="..\..\client\fgame\bg_local.h">
      <Filter>Client\fgame</Filter>
    </ClInclude>
    <ClInclude Include="..\..\client\fgame\bg_public.h">
      <Filter>Client\fgame</Filter>
    </ClInclude>
    <ClInclude Include="..\..\client\fgame\bspline.h">
      <Filter>Client\fgame</Filter>
    </ClInclude>
    <ClInclude Include="..\..\client\fgame\camera.h">
      <Filter>Client\fgame</Filter>
    </ClInclude>
    <ClInclude Include="..\..\client\fgame\characterstate.h">
      <Filter>Client\fgame</Filter>
    </ClInclude>
    <ClInclude Include="..\..\client\fgame\class.h">
      <Filter>Client\fgame</Filter>
    </ClInclude>
    <ClInclude Include="..\..\client\fgame\clusterbomb.h">
      <Filter>Client\fgame</Filter>
    </ClInclude>
    <ClInclude Include="..\..\client\fgame\container.h">
      <Filter>Client\fgame</Filter>
    </ClInclude>
    <ClInclude Include="..\..\client\fgame\crossbow.h">
      <Filter>Client\fgame</Filter>
    </ClInclude>
    <ClInclude Include="..\..\client\fgame\CTF_DeadBody.h">
      <Filter>Client\fgame</Filter>
    </ClInclude>
    <ClInclude Include="..\..\client\fgame\ctf_flag.h">
      <Filter>Client\fgame</Filter>
    </ClInclude>
    <ClInclude Include="..\..\client\fgame\ctf_global.h">
      <Filter>Client\fgame</Filter>
    </ClInclude>
    <ClInclude Include="..\..\client\fgame\CTF_InventoryItem.h">
      <Filter>Client\fgame</Filter>
    </ClInclude>
    <ClInclude Include="..\..\client\fgame\ctf_itemspawner.h">
      <Filter>Client\fgame</Filter>
    </ClInclude>
    <ClInclude Include="..\..\client\fgame\ctf_manager.h">
      <Filter>Client\fgame</Filter>
    </ClInclude>
    <ClInclude Include="..\..\client\fgame\CTF_Obituary.h">
      <Filter>Client\fgame</Filter>
    </ClInclude>
    <ClInclude Include="..\..\client\fgame\ctf_player.h">
      <Filter>Client\fgame</Filter>
    </ClInclude>
    <ClInclude Include="..\..\client\fgame\ctf_player_fwrd.h">
      <Filter>Client\fgame</Filter>
    </ClInclude>
    <ClInclude Include="..\..\client\fgame\CTF_PlayerStart.h">
      <Filter>Client\fgame</Filter>
    </ClInclude>
    <ClInclude Include="..\..\client\fgame\CTF_TargetGive.h">
      <Filter>Client\fgame</Filter>
    </ClInclude>
    <ClInclude Include="..\..\client\fgame\CTF_TargetLocation.h">
      <Filter>Client\fgame</Filter>
    </ClInclude>
    <ClInclude Include="..\..\client\fgame\CTF_Team.h">
      <Filter>Client\fgame</Filter>
    </ClInclude>
    <ClInclude Include="..\..\client\fgame\CTF_Tech.h">
      <Filter>Client\fgame</Filter>
    </ClInclude>
    <ClInclude Include="..\..\client\fgame\ctf_types.h">
      <Filter>Client\fgame</Filter>
    </ClInclude>
    <ClInclude Include="..\..\client\fgame\debuglines.h">
      <Filter>Client\fgame</Filter>
    </ClInclude>
    <ClInclude Include="..\..\client\fgame\decals.h">
      <Filter>Client\fgame</Filter>
    </ClInclude>
    <ClInclude Include="..\..\client\fgame\dm_manager.h">
      <Filter>Client\fgame</Filter>
    </ClInclude>
    <ClInclude Include="..\..\client\fgame\doors.h">
      <Filter>Client\fgame</Filter>
    </ClInclude>
    <ClInclude Include="..\..\client\fgame\earthquake.h">
      <Filter>Client\fgame</Filter>
    </ClInclude>
    <ClInclude Include="..\..\client\fgame\edenwater.h">
      <Filter>Client\fgame</Filter>
    </ClInclude>
    <ClInclude Include="..\..\client\fgame\entity.h">
      <Filter>Client\fgame</Filter>
    </ClInclude>
    <ClInclude Include="..\..\client\fgame\EntityClassIterator.h">
      <Filter>Client\fgame</Filter>
    </ClInclude>
    <ClInclude Include="..\..\client\fgame\explosion.h">
      <Filter>Client\fgame</Filter>
    </ClInclude>
    <ClInclude Include="..\..\client\fgame\flamethrower.h">
      <Filter>Client\fgame</Filter>
    </ClInclude>
    <ClInclude Include="..\..\client\fgame\flashbang.h">
      <Filter>Client\fgame</Filter>
    </ClInclude>
    <ClInclude Include="..\..\client\fgame\g_local.h">
      <Filter>Client\fgame</Filter>
    </ClInclude>
    <ClInclude Include="..\..\client\fgame\g_main.h">
      <Filter>Client\fgame</Filter>
    </ClInclude>
    <ClInclude Include="..\..\client\fgame\g_phys.h">
      <Filter>Client\fgame</Filter>
    </ClInclude>
    <ClInclude Include="..\..\client\fgame\g_public.h">
      <Filter>Client\fgame</Filter>
    </ClInclude>
    <ClInclude Include="..\..\client\fgame\g_spawn.h">
      <Filter>Client\fgame</Filter>
    </ClInclude>
    <ClInclude Include="..\..\client\fgame\g_utils.h">
      <Filter>Client\fgame</Filter>
    </ClInclude>
    <ClInclude Include="..\..\client\fgame\game.h">
      <Filter>Client\fgame</Filter>
    </ClInclude>
    <ClInclude Include="..\..\client\fgame\gamecmds.h">
      <Filter>Client\fgame</Filter>
    </ClInclude>
    <ClInclude Include="..\..\client\fgame\gamecvars.h">
      <Filter>Client\fgame</Filter>
    </ClInclude>
    <ClInclude Include="..\..\client\fgame\gamescript.h">
      <Filter>Client\fgame</Filter>
    </ClInclude>
    <ClInclude Include="..\..\client\fgame\gibs.h">
      <Filter>Client\fgame</Filter>
    </ClInclude>
    <ClInclude Include="..\..\client\fgame\goo.h">
      <Filter>Client\fgame</Filter>
    </ClInclude>
    <ClInclude Include="..\..\client\fgame\gravpath.h">
      <Filter>Client\fgame</Filter>
    </ClInclude>
    <ClInclude Include="..\..\client\fgame\health.h">
      <Filter>Client\fgame</Filter>
    </ClInclude>
    <ClInclude Include="..\..\client\fgame\hornofconjuring.h">
      <Filter>Client\fgame</Filter>
    </ClInclude>
    <ClInclude Include="..\..\client\fgame\inventoryitem.h">
      <Filter>Client\fgame</Filter>
    </ClInclude>
    <ClInclude Include="..\..\client\fgame\ipfilter.h">
      <Filter>Client\fgame</Filter>
    </ClInclude>
    <ClInclude Include="..\..\client\fgame\item.h">
      <Filter>Client\fgame</Filter>
    </ClInclude>
    <ClInclude Include="..\..\client\fgame\ItemSpawner.h">
      <Filter>Client\fgame</Filter>
    </ClInclude>
    <ClInclude Include="..\..\client\fgame\level.h">
      <Filter>Client\fgame</Filter>
    </ClInclude>
    <ClInclude Include="..\..\client\fgame\light.h">
      <Filter>Client\fgame</Filter>
    </ClInclude>
    <ClInclude Include="..\..\client\fgame\Linklist.h">
      <Filter>Client\fgame</Filter>
    </ClInclude>
    <ClInclude Include="..\..\client\fgame\listener.h">
      <Filter>Client\fgame</Filter>
    </ClInclude>
    <ClInclude Include="..\..\client\fgame\misc.h">
      <Filter>Client\fgame</Filter>
    </ClInclude>
    <ClInclude Include="..\..\client\fgame\mover.h">
      <Filter>Client\fgame</Filter>
    </ClInclude>
    <ClInclude Include="..\..\client\fgame\nature.h">
      <Filter>Client\fgame</Filter>
    </ClInclude>
    <ClInclude Include="..\..\client\fgame\navigate.h">
      <Filter>Client\fgame</Filter>
    </ClInclude>
    <ClInclude Include="..\..\client\fgame\object.h">
      <Filter>Client\fgame</Filter>
    </ClInclude>
    <ClInclude Include="..\..\client\fgame\OtherVoteCommands.h">
      <Filter>Client\fgame</Filter>
    </ClInclude>
    <ClInclude Include="..\..\client\fgame\path.h">
      <Filter>Client\fgame</Filter>
    </ClInclude>
    <ClInclude Include="..\..\client\fgame\player.h">
      <Filter>Client\fgame</Filter>
    </ClInclude>
    <ClInclude Include="..\..\client\fgame\PlayerStart.h">
      <Filter>Client\fgame</Filter>
    </ClInclude>
    <ClInclude Include="..\..\client\fgame\portal.h">
      <Filter>Client\fgame</Filter>
    </ClInclude>
    <ClInclude Include="..\..\client\fgame\powerups.h">
      <Filter>Client\fgame</Filter>
    </ClInclude>
    <ClInclude Include="..\..\client\fgame\q_shared.h">
      <Filter>Client\fgame</Filter>
    </ClInclude>
    <ClInclude Include="..\..\client\fgame\queue.h">
      <Filter>Client\fgame</Filter>
    </ClInclude>
    <ClInclude Include="..\..\client\fgame\rope.h">
      <Filter>Client\fgame</Filter>
    </ClInclude>
    <ClInclude Include="..\..\client\fgame\script.h">
      <Filter>Client\fgame</Filter>
    </ClInclude>
    <ClInclude Include="..\..\client\fgame\scriptmaster.h">
      <Filter>Client\fgame</Filter>
    </ClInclude>
    <ClInclude Include="..\..\client\fgame\scriptslave.h">
      <Filter>Client\fgame</Filter>
    </ClInclude>
    <ClInclude Include="..\..\client\fgame\scriptvariable.h">
      <Filter>Client\fgame</Filter>
    </ClInclude>
    <ClInclude Include="..\..\client\fgame\sentient.h">
      <Filter>Client\fgame</Filter>
    </ClInclude>
    <ClInclude Include="..\..\client\fgame\shield.h">
      <Filter>Client\fgame</Filter>
    </ClInclude>
    <ClInclude Include="..\..\client\fgame\soulsucker.h">
      <Filter>Client\fgame</Filter>
    </ClInclude>
    <ClInclude Include="..\..\client\fgame\soundman.h">
      <Filter>Client\fgame</Filter>
    </ClInclude>
    <ClInclude Include="..\..\client\fgame\spawners.h">
      <Filter>Client\fgame</Filter>
    </ClInclude>
    <ClInclude Include="..\..\client\fgame\specialfx.h">
      <Filter>Client\fgame</Filter>
    </ClInclude>
    <ClInclude Include="..\..\client\fgame\Spit.h">
      <Filter>Client\fgame</Filter>
    </ClInclude>
    <ClInclude Include="..\..\client\fgame\stack.h">
      <Filter>Client\fgame</Filter>
    </ClInclude>
    <ClInclude Include="..\..\client\fgame\steering.h">
      <Filter>Client\fgame</Filter>
    </ClInclude>
    <ClInclude Include="..\..\client\fgame\surfaceflags.h">
      <Filter>Client\fgame</Filter>
    </ClInclude>
    <ClInclude Include="..\..\client\fgame\sword.h">
      <Filter>Client\fgame</Filter>
    </ClInclude>
    <ClInclude Include="..\..\client\fgame\TeamIterator.h">
      <Filter>Client\fgame</Filter>
    </ClInclude>
    <ClInclude Include="..\..\client\fgame\trigger.h">
      <Filter>Client\fgame</Filter>
    </ClInclude>
    <ClInclude Include="..\..\client\fgame\umap.h">
      <Filter>Client\fgame</Filter>
    </ClInclude>
    <ClInclude Include="..\..\client\fgame\vector.h">
      <Filter>Client\fgame</Filter>
    </ClInclude>
    <ClInclude Include="..\..\client\fgame\vehicle.h">
      <Filter>Client\fgame</Filter>
    </ClInclude>
    <ClInclude Include="..\..\client\fgame\viewthing.h">
      <Filter>Client\fgame</Filter>
    </ClInclude>
    <ClInclude Include="..\..\client\fgame\Vote.h">
      <Filter>Client\fgame</Filter>
    </ClInclude>
    <ClInclude Include="..\..\client\fgame\VoteCommand.h">
      <Filter>Client\fgame</Filter>
    </ClInclude>
    <ClInclude Include="..\..\client\fgame\VoteCommandFactory.h">
      <Filter>Client\fgame</Filter>
    </ClInclude>
    <ClInclude Include="..\..\client\fgame\weapon.h">
      <Filter>Client\fgame</Filter>
    </ClInclude>
    <ClInclude Include="..\..\client\fgame\weaputils.h">
      <Filter>Client\fgame</Filter>
    </ClInclude>
    <ClInclude Include="..\..\client\fgame\worldspawn.h">
      <Filter>Client\fgame</Filter>
    </ClInclude>
    <ClInclude Include="..\..\dlls\game\_pch_cpp.h">
      <Filter>Server\Header Files</Filter>
    </ClInclude>
    <ClInclude Include="..\..\dlls\game\actor.h">
      <Filter>Server\Header Files</Filter>
    </ClInclude>
    <ClInclude Include="..\..\dlls\game\actor_combatsubsystem.h">
      <Filter>Server\Header Files</Filter>
    </ClInclude>
    <ClInclude Include="..\..\dlls\game\actor_enemymanager.h">
      <Filter>Server\Header Files</Filter>
    </ClInclude>
    <ClInclude Include="..\..\dlls\game\actor_headwatcher.h">
      <Filter>Server\Header Files</Filter>
    </ClInclude>
    <ClInclude Include="..\..\dlls\game\actor_locomotion.h">
      <Filter>Server\Header Files</Filter>
    </ClInclude>
    <ClInclude Include="..\..\dlls\game\actor_posturecontroller.hpp">
      <Filter>Server\Header Files</Filter>
    </ClInclude>
    <ClInclude Include="..\..\dlls\game\actor_sensoryperception.h">
      <Filter>Server\Header Files</Filter>
    </ClInclude>
    <ClInclude Include="..\..\dlls\game\actorgamecomponents.h">
      <Filter>Server\Header Files</Filter>
    </ClInclude>
    <ClInclude Include="..\..\dlls\game\actorincludes.h">
      <Filter>Server\Header Files</Filter>
    </ClInclude>
    <ClInclude Include="..\..\dlls\game\actorstrategies.h">
      <Filter>Server\Header Files</Filter>
    </ClInclude>
    <ClInclude Include="..\..\dlls\game\actorutil.h">
      <Filter>Server\Header Files</Filter>
    </ClInclude>
    <ClInclude Include="..\..\dlls\game\ai_chat.h">
      <Filter>Server\Header Files\botlib header files</Filter>
    </ClInclude>
    <ClInclude Include="..\..\dlls\game\ai_cmd.h">
      <Filter>Server\Header Files\botlib header files</Filter>
    </ClInclude>
    <ClInclude Include="..\..\dlls\game\ai_dmnet.h">
      <Filter>Server\Header Files\botlib header files</Filter>
    </ClInclude>
    <ClInclude Include="..\..\dlls\game\ai_dmq3.h">
      <Filter>Server\Header Files\botlib header files</Filter>
    </ClInclude>
    <ClInclude Include="..\..\dlls\game\ai_main.h">
      <Filter>Server\Header Files\botlib header files</Filter>
    </ClInclude>
    <ClInclude Include="..\..\dlls\game\ai_team.h">
      <Filter>Server\Header Files\botlib header files</Filter>
    </ClInclude>
    <ClInclude Include="..\..\dlls\game\ai_vcmd.h">
      <Filter>Server\Header Files\botlib header files</Filter>
    </ClInclude>
    <ClInclude Include="..\..\dlls\game\ammo.h">
      <Filter>Server\Header Files</Filter>
    </ClInclude>
    <ClInclude Include="..\..\dlls\game\animate.h">
      <Filter>Server\Header Files</Filter>
    </ClInclude>
    <ClInclude Include="..\..\dlls\game\archive.h">
      <Filter>Server\Header Files</Filter>
    </ClInclude>
    <ClInclude Include="..\..\dlls\game\armor.h">
      <Filter>Server\Header Files</Filter>
    </ClInclude>
    <ClInclude Include="..\..\dlls\game\be_aas.h">
      <Filter>Server\Header Files\botlib header files</Filter>
    </ClInclude>
    <ClInclude Include="..\..\dlls\game\be_ai_char.h">
      <Filter>Server\Header Files\botlib header files</Filter>
    </ClInclude>
    <ClInclude Include="..\..\dlls\game\be_ai_chat.h">
      <Filter>Server\Header Files\botlib header files</Filter>
    </ClInclude>
    <ClInclude Include="..\..\dlls\game\be_ai_gen.h">
      <Filter>Server\Header Files\botlib header files</Filter>
    </ClInclude>
    <ClInclude Include="..\..\dlls\game\be_ai_goal.h">
      <Filter>Server\Header Files\botlib header files</Filter>
    </ClInclude>
    <ClInclude Include="..\..\dlls\game\be_ai_move.h">
      <Filter>Server\Header Files\botlib header files</Filter>
    </ClInclude>
    <ClInclude Include="..\..\dlls\game\be_ai_weap.h">
      <Filter>Server\Header Files\botlib header files</Filter>
    </ClInclude>
    <ClInclude Include="..\..\dlls\game\be_ea.h">
      <Filter>Server\Source Files\botlib source</Filter>
    </ClInclude>
    <ClInclude Include="..\..\dlls\game\beam.h">
      <Filter>Server\Header Files</Filter>
    </ClInclude>
    <ClInclude Include="..\..\dlls\game\behavior.h">
      <Filter>Server\Header Files</Filter>
    </ClInclude>
    <ClInclude Include="..\..\dlls\game\behaviors.h">
      <Filter>Server\Header Files</Filter>
    </ClInclude>
    <ClInclude Include="..\..\dlls\game\behaviors_general.h">
      <Filter>Server\Header Files</Filter>
    </ClInclude>
    <ClInclude Include="..\..\dlls\game\behaviors_specific.h">
      <Filter>Server\Header Files</Filter>
    </ClInclude>
    <ClInclude Include="..\..\dlls\game\bg_local.h">
      <Filter>Server\Header Files</Filter>
    </ClInclude>
    <ClInclude Include="..\..\dlls\game\bg_public.h">
      <Filter>Server\Header Files</Filter>
    </ClInclude>
    <ClInclude Include="..\..\dlls\game\bit_vector.h">
      <Filter>Server\Header Files</Filter>
    </ClInclude>
    <ClInclude Include="..\..\dlls\game\body.h">
      <Filter>Server\Header Files</Filter>
    </ClInclude>
    <ClInclude Include="..\..\dlls\game\botlib.h">
      <Filter>Server\Header Files\botlib header files</Filter>
    </ClInclude>
    <ClInclude Include="..\..\dlls\game\botmenudef.h">
      <Filter>Server\Header Files\botlib header files</Filter>
    </ClInclude>
    <ClInclude Include="..\..\dlls\game\bspline.h">
      <Filter>Server\Header Files</Filter>
    </ClInclude>
    <ClInclude Include="..\..\dlls\game\camera.h">
      <Filter>Server\Header Files</Filter>
    </ClInclude>
    <ClInclude Include="..\..\dlls\game\CameraPath.h">
      <Filter>Server\Header Files</Filter>
    </ClInclude>
    <ClInclude Include="..\..\dlls\game\changePosture.hpp">
      <Filter>Server\Header Files\BehaviorHeaders</Filter>
    </ClInclude>
    <ClInclude Include="..\..\dlls\game\characterstate.h">
      <Filter>Server\Header Files</Filter>
    </ClInclude>
    <ClInclude Include="..\..\dlls\game\chars.h">
      <Filter>Server\Header Files\botlib header files</Filter>
    </ClInclude>
    <ClInclude Include="..\..\dlls\game\CinematicArmature.h">
      <Filter>Server\Header Files</Filter>
    </ClInclude>
    <ClInclude Include="..\..\dlls\game\class.h">
      <Filter>Server\Header Files</Filter>
    </ClInclude>
    <ClInclude Include="..\..\dlls\game\closeInOnEnemy.hpp">
      <Filter>Server\Header Files\BehaviorHeaders</Filter>
    </ClInclude>
    <ClInclude Include="..\..\dlls\game\closeInOnEnemyWhileFiringWeapon.hpp">
      <Filter>Server\Header Files\BehaviorHeaders</Filter>
    </ClInclude>
    <ClInclude Include="..\..\dlls\game\closeInOnPlayer.hpp">
      <Filter>Server\Header Files\BehaviorHeaders</Filter>
    </ClInclude>
    <ClInclude Include="..\..\dlls\game\compiler.h">
      <Filter>Server\Header Files</Filter>
    </ClInclude>
    <ClInclude Include="..\..\dlls\game\container.h">
      <Filter>Server\Header Files</Filter>
    </ClInclude>
    <ClInclude Include="..\..\dlls\game\corridorCombatWithRangedWeapon.hpp">
      <Filter>Server\Header Files\BehaviorHeaders</Filter>
    </ClInclude>
    <ClInclude Include="..\..\dlls\game\coverCombatWithRangedWeapon.hpp">
      <Filter>Server\Header Files\BehaviorHeaders</Filter>
    </ClInclude>
    <ClInclude Include="..\..\dlls\game\DamageModification.hpp">
      <Filter>Server\Header Files</Filter>
    </ClInclude>
    <ClInclude Include="..\..\dlls\game\debuglines.h">
      <Filter>Server\Header Files</Filter>
    </ClInclude>
    <ClInclude Include="..\..\dlls\game\decals.h">
      <Filter>Server\Header Files</Filter>
    </ClInclude>
    <ClInclude Include="..\..\dlls\game\dispenser.hpp">
      <Filter>Server\Header Files</Filter>
    </ClInclude>
    <ClInclude Include="..\..\dlls\game\doAttack.hpp">
      <Filter>Server\Header Files\BehaviorHeaders</Filter>
    </ClInclude>
    <ClInclude Include="..\..\dlls\game\doors.h">
      <Filter>Server\Header Files</Filter>
    </ClInclude>
    <ClInclude Include="..\..\dlls\game\earthquake.h">
      <Filter>Server\Header Files</Filter>
    </ClInclude>
    <ClInclude Include="..\..\dlls\game\entity.h">
      <Filter>Server\Header Files</Filter>
    </ClInclude>
    <ClInclude Include="..\..\dlls\game\equipment.h">
      <Filter>Server\Header Files</Filter>
    </ClInclude>
    <ClInclude Include="..\..\dlls\game\explosion.h">
      <Filter>Server\Header Files</Filter>
    </ClInclude>
    <ClInclude Include="..\..\dlls\game\FollowPath.h">
      <Filter>Server\Header Files</Filter>
    </ClInclude>
    <ClInclude Include="..\..\dlls\game\FollowPathToEntity.h">
      <Filter>Server\Header Files</Filter>
    </ClInclude>
    <ClInclude Include="..\..\dlls\game\FollowPathToPoint.h">
      <Filter>Server\Header Files</Filter>
    </ClInclude>
    <ClInclude Include="..\..\dlls\game\g_local.h">
      <Filter>Server\Header Files</Filter>
    </ClInclude>
    <ClInclude Include="..\..\dlls\game\g_main.h">
      <Filter>Server\Header Files</Filter>
    </ClInclude>
    <ClInclude Include="..\..\dlls\game\g_phys.h">
      <Filter>Server\Header Files</Filter>
    </ClInclude>
    <ClInclude Include="..\..\dlls\game\g_public.h">
      <Filter>Server\Header Files</Filter>
    </ClInclude>
    <ClInclude Include="..\..\dlls\game\g_spawn.h">
      <Filter>Server\Header Files</Filter>
    </ClInclude>
    <ClInclude Include="..\..\dlls\game\g_utils.h">
      <Filter>Server\Header Files</Filter>
    </ClInclude>
    <ClInclude Include="..\..\dlls\game\game.h">
      <Filter>Server\Header Files</Filter>
    </ClInclude>
    <ClInclude Include="..\..\dlls\game\gamecmds.h">
      <Filter>Server\Header Files</Filter>
    </ClInclude>
    <ClInclude Include="..\..\dlls\game\gamecvars.h">
      <Filter>Server\Header Files</Filter>
    </ClInclude>
    <ClInclude Include="..\..\dlls\game\gamescript.h">
      <Filter>Server\Header Files</Filter>
    </ClInclude>
    <ClInclude Include="..\..\dlls\game\generalCombatWithMeleeWeapon.hpp">
      <Filter>Server\Header Files\BehaviorHeaders</Filter>
    </ClInclude>
    <ClInclude Include="..\..\dlls\game\generalCombatWithRangedWeapon.hpp">
      <Filter>Server\Header Files\BehaviorHeaders</Filter>
    </ClInclude>
    <ClInclude Include="..\..\dlls\game\gibs.h">
      <Filter>Server\Header Files</Filter>
    </ClInclude>
    <ClInclude Include="..\..\dlls\game\globalcmd.h">
      <Filter>Server\Header Files</Filter>
    </ClInclude>
    <ClInclude Include="..\..\dlls\game\GoDirectlyToPoint.h">
      <Filter>Server\Header Files</Filter>
    </ClInclude>
    <ClInclude Include="..\..\dlls\game\goo.h">
      <Filter>Server\Header Files</Filter>
    </ClInclude>
    <ClInclude Include="..\..\dlls\game\gotoCurrentHelperNode.hpp">
      <Filter>Server\Header Files\BehaviorHeaders</Filter>
    </ClInclude>
    <ClInclude Include="..\..\dlls\game\gotoHelperNode.hpp">
      <Filter>Server\Header Files\BehaviorHeaders</Filter>
    </ClInclude>
    <ClInclude Include="..\..\dlls\game\gotoHelperNodeEX.hpp">
      <Filter>Server\Header Files\BehaviorHeaders</Filter>
    </ClInclude>
    <ClInclude Include="..\..\dlls\game\gotoHelperNodeNearestEnemy.hpp">
      <Filter>Server\Header Files\BehaviorHeaders</Filter>
    </ClInclude>
    <ClInclude Include="..\..\dlls\game\gravpath.h">
      <Filter>Server\Header Files</Filter>
    </ClInclude>
    <ClInclude Include="..\..\dlls\game\groupcoordinator.hpp">
      <Filter>Server\Header Files</Filter>
    </ClInclude>
    <ClInclude Include="..\..\dlls\game\healGroupMember.hpp">
      <Filter>Server\Header Files\BehaviorHeaders</Filter>
    </ClInclude>
    <ClInclude Include="..\..\dlls\game\health.h">
      <Filter>Server\Header Files</Filter>
    </ClInclude>
    <ClInclude Include="..\..\dlls\game\helper_node.h">
      <Filter>Server\Header Files</Filter>
    </ClInclude>
    <ClInclude Include="..\..\dlls\game\holdPosition.hpp">
      <Filter>Server\Header Files\BehaviorHeaders</Filter>
    </ClInclude>
    <ClInclude Include="..\..\dlls\game\interpreter.h">
      <Filter>Server\Header Files</Filter>
    </ClInclude>
    <ClInclude Include="..\..\dlls\game\inv.h">
      <Filter>Server\Header Files\botlib header files</Filter>
    </ClInclude>
    <ClInclude Include="..\..\dlls\game\inventoryitem.h">
      <Filter>Server\Header Files</Filter>
    </ClInclude>
    <ClInclude Include="..\..\dlls\game\ipfilter.h">
      <Filter>Server\Header Files</Filter>
    </ClInclude>
    <ClInclude Include="..\..\dlls\game\item.h">
      <Filter>Server\Header Files</Filter>
    </ClInclude>
    <ClInclude Include="..\..\dlls\game\level.h">
      <Filter>Server\Header Files</Filter>
    </ClInclude>
    <ClInclude Include="..\..\dlls\game\lexer.h">
      <Filter>Server\Header Files</Filter>
    </ClInclude>
    <ClInclude Include="..\..\dlls\game\light.h">
      <Filter>Server\Header Files</Filter>
    </ClInclude>
    <ClInclude Include="..\..\dlls\game\Linklist.h">
      <Filter>Server\Header Files</Filter>
    </ClInclude>
    <ClInclude Include="..\..\dlls\game\listener.h">
      <Filter>Server\Header Files</Filter>
    </ClInclude>
    <ClInclude Include="..\..\dlls\game\match.h">
      <Filter>Server\Header Files\botlib header files</Filter>
    </ClInclude>
    <ClInclude Include="..\..\dlls\game\misc.h">
      <Filter>Server\Header Files</Filter>
    </ClInclude>
    <ClInclude Include="..\..\dlls\game\mover.h">
      <Filter>Server\Header Files</Filter>
    </ClInclude>
    <ClInclude Include="..\..\dlls\game\MoveRandomDirection.hpp">
      <Filter>Server\Header Files\BehaviorHeaders</Filter>
    </ClInclude>
    <ClInclude Include="..\..\dlls\game\mp_awardsystem.hpp">
      <Filter>Server\Header Files\Multiplayer Headers</Filter>
    </ClInclude>
    <ClInclude Include="..\..\dlls\game\mp_manager.hpp">
      <Filter>Server\Header Files\Multiplayer Headers</Filter>
    </ClInclude>
    <ClInclude Include="..\..\dlls\game\mp_modeBase.hpp">
      <Filter>Server\Header Files\Multiplayer Headers</Filter>
    </ClInclude>
    <ClInclude Include="..\..\dlls\game\mp_modeCtf.hpp">
      <Filter>Server\Header Files\Multiplayer Headers</Filter>
    </ClInclude>
    <ClInclude Include="..\..\dlls\game\mp_modeDm.hpp">
      <Filter>Server\Header Files\Multiplayer Headers</Filter>
    </ClInclude>
    <ClInclude Include="..\..\dlls\game\mp_modeTeamBase.hpp">
      <Filter>Server\Header Files\Multiplayer Headers</Filter>
    </ClInclude>
    <ClInclude Include="..\..\dlls\game\mp_modeTeamDm.hpp">
      <Filter>Server\Header Files\Multiplayer Headers</Filter>
    </ClInclude>
    <ClInclude Include="..\..\dlls\game\mp_modifiers.hpp">
      <Filter>Server\Header Files\Multiplayer Headers</Filter>
    </ClInclude>
    <ClInclude Include="..\..\dlls\game\mp_shared.hpp">
      <Filter>Server\Header Files\Multiplayer Headers</Filter>
    </ClInclude>
    <ClInclude Include="..\..\dlls\game\mp_team.hpp">
      <Filter>Server\Header Files\Multiplayer Headers</Filter>
    </ClInclude>
    <ClInclude Include="..\..\dlls\game\nature.h">
      <Filter>Server\Header Files</Filter>
    </ClInclude>
    <ClInclude Include="..\..\dlls\game\navigate.h">
      <Filter>Server\Header Files</Filter>
    </ClInclude>
    <ClInclude Include="..\..\dlls\game\object.h">
      <Filter>Server\Header Files</Filter>
    </ClInclude>
    <ClInclude Include="..\..\dlls\game\path.h">
      <Filter>Server\Header Files</Filter>
    </ClInclude>
    <ClInclude Include="..\..\dlls\game\patrol.hpp">
      <Filter>Server\Header Files\BehaviorHeaders</Filter>
    </ClInclude>
    <ClInclude Include="..\..\dlls\game\PlayAnim.hpp">
      <Filter>Server\Header Files\BehaviorHeaders</Filter>
    </ClInclude>
    <ClInclude Include="..\..\dlls\game\player.h">
      <Filter>Server\Header Files</Filter>
    </ClInclude>
    <ClInclude Include="..\..\dlls\game\playerheuristics.h">
      <Filter>Server\Header Files</Filter>
    </ClInclude>
    <ClInclude Include="..\..\dlls\game\PlayerStart.h">
      <Filter>Server\Header Files</Filter>
    </ClInclude>
    <ClInclude Include="..\..\dlls\game\portal.h">
      <Filter>Server\Header Files</Filter>
    </ClInclude>
    <ClInclude Include="..\..\dlls\game\powerups.h">
      <Filter>Server\Header Files</Filter>
    </ClInclude>
    <ClInclude Include="..\..\dlls\game\program.h">
      <Filter>Server\Header Files</Filter>
    </ClInclude>
    <ClInclude Include="..\..\dlls\game\puzzleobject.hpp">
      <Filter>Server\Header Files</Filter>
    </ClInclude>
    <ClInclude Include="..\..\dlls\game\queue.h">
      <Filter>Server\Header Files</Filter>
    </ClInclude>
    <ClInclude Include="..\..\dlls\game\RageAI.h">
      <Filter>Server\Header Files</Filter>
    </ClInclude>
    <ClInclude Include="..\..\dlls\game\rangedCombatWithWeapon.hpp">
      <Filter>Server\Header Files\BehaviorHeaders</Filter>
    </ClInclude>
    <ClInclude Include="..\..\dlls\game\rotateToEntity.hpp">
      <Filter>Server\Header Files\BehaviorHeaders</Filter>
    </ClInclude>
    <ClInclude Include="..\..\dlls\game\script.h">
      <Filter>Server\Header Files</Filter>
    </ClInclude>
    <ClInclude Include="..\..\dlls\game\scriptmaster.h">
      <Filter>Server\Header Files</Filter>
    </ClInclude>
    <ClInclude Include="..\..\dlls\game\scriptslave.h">
      <Filter>Server\Header Files</Filter>
    </ClInclude>
    <ClInclude Include="..\..\dlls\game\scriptvariable.h">
      <Filter>Server\Header Files</Filter>
    </ClInclude>
    <ClInclude Include="..\..\dlls\game\selectBestWeapon.hpp">
      <Filter>Server\Header Files\BehaviorHeaders</Filter>
    </ClInclude>
    <ClInclude Include="..\..\dlls\game\sentient.h">
      <Filter>Server\Header Files</Filter>
    </ClInclude>
    <ClInclude Include="..\..\dlls\game\shrapnelbomb.h">
      <Filter>Server\Header Files</Filter>
    </ClInclude>
    <ClInclude Include="..\..\dlls\game\snipeEnemy.hpp">
      <Filter>Server\Header Files\BehaviorHeaders</Filter>
    </ClInclude>
    <ClInclude Include="..\..\dlls\game\soundman.h">
      <Filter>Server\Header Files</Filter>
    </ClInclude>
    <ClInclude Include="..\..\dlls\game\spawners.h">
      <Filter>Server\Header Files</Filter>
    </ClInclude>
    <ClInclude Include="..\..\dlls\game\specialfx.h">
      <Filter>Server\Header Files</Filter>
    </ClInclude>
    <ClInclude Include="..\..\dlls\game\stack.h">
      <Filter>Server\Header Files</Filter>
    </ClInclude>
    <ClInclude Include="..\..\dlls\game\stationaryFireCombat.hpp">
      <Filter>Server\Header Files\BehaviorHeaders</Filter>
    </ClInclude>
    <ClInclude Include="..\..\dlls\game\stationaryFireCombatEX.hpp">
      <Filter>Server\Header Files\BehaviorHeaders</Filter>
    </ClInclude>
    <ClInclude Include="..\..\dlls\game\stationaryvehicle.hpp">
      <Filter>Server\Header Files</Filter>
    </ClInclude>
    <ClInclude Include="..\..\dlls\game\steering.h">
      <Filter>Server\Header Files</Filter>
    </ClInclude>
    <ClInclude Include="..\..\dlls\game\suppressionFireCombat.hpp">
      <Filter>Server\Header Files\BehaviorHeaders</Filter>
    </ClInclude>
    <ClInclude Include="..\..\dlls\game\surfaceflags.h">
      <Filter>Server\Header Files</Filter>
    </ClInclude>
    <ClInclude Include="..\..\dlls\game\syn.h">
      <Filter>Server\Header Files\botlib header files</Filter>
    </ClInclude>
    <ClInclude Include="..\..\dlls\game\talk.hpp">
      <Filter>Server\Header Files\BehaviorHeaders</Filter>
    </ClInclude>
    <ClInclude Include="..\..\dlls\game\teammateroster.hpp">
      <Filter>Server\Header Files</Filter>
    </ClInclude>
    <ClInclude Include="..\..\dlls\game\teleportToEntity.hpp">
      <Filter>Server\Header Files\BehaviorHeaders</Filter>
    </ClInclude>
    <ClInclude Include="..\..\dlls\game\teleportToPosition.hpp">
      <Filter>Server\Header Files\BehaviorHeaders</Filter>
    </ClInclude>
    <ClInclude Include="..\..\dlls\game\torsoAimAndFireWeapon.hpp">
      <Filter>Server\Header Files\BehaviorHeaders</Filter>
    </ClInclude>
    <ClInclude Include="..\..\dlls\game\trigger.h">
      <Filter>Server\Header Files</Filter>
    </ClInclude>
    <ClInclude Include="..\..\dlls\game\umap.h">
      <Filter>Server\Header Files</Filter>
    </ClInclude>
    <ClInclude Include="..\..\dlls\game\useAlarm.hpp">
      <Filter>Server\Header Files\BehaviorHeaders</Filter>
    </ClInclude>
    <ClInclude Include="..\..\dlls\game\UseData.h">
      <Filter>Server\Header Files</Filter>
    </ClInclude>
    <ClInclude Include="..\..\dlls\game\vector.h">
      <Filter>Server\Header Files</Filter>
    </ClInclude>
    <ClInclude Include="..\..\dlls\game\vehicle.h">
      <Filter>Server\Header Files</Filter>
    </ClInclude>
    <ClInclude Include="..\..\dlls\game\viewthing.h">
      <Filter>Server\Header Files</Filter>
    </ClInclude>
    <ClInclude Include="..\..\dlls\game\watchEntity.hpp">
      <Filter>Server\Header Files\BehaviorHeaders</Filter>
    </ClInclude>
    <ClInclude Include="..\..\dlls\game\watchEntityEX.hpp">
      <Filter>Server\Header Files\BehaviorHeaders</Filter>
    </ClInclude>
    <ClInclude Include="..\..\dlls\game\waypoints.h">
      <Filter>Server\Header Files</Filter>
    </ClInclude>
    <ClInclude Include="..\..\dlls\game\weapon.h">
      <Filter>Server\Header Files</Filter>
    </ClInclude>
    <ClInclude Include="..\..\dlls\game\WeaponDualWield.h">
      <Filter>Server\Header Files</Filter>
    </ClInclude>
    <ClInclude Include="..\..\dlls\game\weaputils.h">
      <Filter>Server\Header Files</Filter>
    </ClInclude>
    <ClInclude Include="..\..\dlls\game\work.hpp">
      <Filter>Server\Header Files\BehaviorHeaders</Filter>
    </ClInclude>
    <ClInclude Include="..\..\dlls\game\worldspawn.h">
      <Filter>Server\Header Files</Filter>
    </ClInclude>
    <ClInclude Include="..\..\Shared\qcommon\alias.h">
      <Filter>Shared\QCommon</Filter>
    </ClInclude>
    <ClInclude Include="..\..\Shared\qcommon\cm_public.h">
      <Filter>Shared\QCommon</Filter>
    </ClInclude>
    <ClInclude Include="..\..\Shared\qcommon\gameplaydatabase.h">
      <Filter>Shared\QCommon</Filter>
    </ClInclude>
    <ClInclude Include="..\..\Shared\qcommon\gameplayformulamanager.h">
      <Filter>Shared\QCommon</Filter>
    </ClInclude>
    <ClInclude Include="..\..\Shared\qcommon\gameplaymanager.h">
      <Filter>Shared\QCommon</Filter>
    </ClInclude>
    <ClInclude Include="..\..\Shared\qcommon\output.h">
      <Filter>Shared\QCommon</Filter>
    </ClInclude>
    <ClInclude Include="..\..\Shared\qcommon\q_shared.h">
      <Filter>Shared\QCommon</Filter>
    </ClInclude>
    <ClInclude Include="..\..\Shared\qcommon\qfiles.h">
      <Filter>Shared\QCommon</Filter>
    </ClInclude>
    <ClInclude Include="..\..\Shared\qcommon\quaternion.h">
      <Filter>Shared\QCommon</Filter>
    </ClInclude>
    <ClInclude Include="..\..\Shared\qcommon\stringresource.hpp">
      <Filter>Shared\QCommon</Filter>
    </ClInclude>
    <ClInclude Include="..\..\Shared\qcommon\tiki_script.h">
      <Filter>Shared\QCommon</Filter>
    </ClInclude>
    <ClInclude Include="..\..\Shared\utils\str.h">
      <Filter>Shared\utils</Filter>
    </ClInclude>
  </ItemGroup>
  <ItemGroup>
    <CustomBuild Include="..\..\dlls\game\game.def">
      <Filter>Server\Resource Files</Filter>
    </CustomBuild>
  </ItemGroup>
  <ItemGroup>
    <None Include="..\..\client\cgame\cgame.def">
      <Filter>Client\cgame</Filter>
    </None>
    <None Include="..\..\client\cgame\mssccprj.scc">
      <Filter>Client\cgame</Filter>
    </None>
    <None Include="..\..\client\cgame\vssver.scc">
      <Filter>Client\cgame</Filter>
    </None>
    <None Include="..\..\client\fgame\cgame.def">
      <Filter>Client\fgame</Filter>
    </None>
    <None Include="..\..\client\fgame\fgame.dsp">
      <Filter>Client\fgame</Filter>
    </None>
    <None Include="..\..\client\fgame\fgame.dsw">
      <Filter>Client\fgame</Filter>
    </None>
    <None Include="..\..\client\fgame\fgame.plg">
      <Filter>Client\fgame</Filter>
    </None>
    <None Include="..\..\client\fgame\fgame.Tags.WW">
      <Filter>Client\fgame</Filter>
    </None>
    <None Include="..\..\client\fgame\fgame.vcxproj">
      <Filter>Client\fgame</Filter>
    </None>
    <None Include="..\..\client\fgame\fgame.vcxproj.filters">
      <Filter>Client\fgame</Filter>
    </None>
    <None Include="..\..\client\fgame\fgame.vcxproj.user">
      <Filter>Client\fgame</Filter>
    </None>
    <None Include="..\..\client\fgame\game.def">
      <Filter>Client\fgame</Filter>
    </None>
    <None Include="..\..\client\fgame\mssccprj.scc">
      <Filter>Client\fgame</Filter>
    </None>
    <None Include="..\..\client\fgame\vssver.scc">
      <Filter>Client\fgame</Filter>
    </None>
  </ItemGroup>
</Project>
